
Microsoft Visual Studio Solution File, Format Version 12.00
# Visual Studio 15
VisualStudioVersion = 15.0.28307.572
MinimumVisualStudioVersion = 10.0.40219.1
Project("{FAE04EC0-301F-11D3-BF4B-00C04F79EFBC}") = "TestConscensia", "TestConscensia\TestConscensia.csproj", "{10AD3A88-BF2F-4E1B-AEBD-ADFD0418BDC6}"
EndProject
Project("{2150E333-8FDC-42A3-9474-1A3956D46DE8}") = "Models", "Models", "{5721B474-5BFD-4E70-A762-0CC889FE87D0}"
EndProject
Project("{FAE04EC0-301F-11D3-BF4B-00C04F79EFBC}") = "TestConscensia.Models", "TestConscensia.Models\TestConscensia.Models.csproj", "{D37BCAF8-0C55-4373-9A43-A74705970C6B}"
EndProject
Project("{2150E333-8FDC-42A3-9474-1A3956D46DE8}") = "Services", "Services", "{A8A63ADA-A8F0-48BA-A4CB-0F6BCCB77B01}"
EndProject
Project("{FAE04EC0-301F-11D3-BF4B-00C04F79EFBC}") = "TestConscensia.Abstractions", "TestConscensia.Abstractions\TestConscensia.Abstractions.csproj", "{C53105FD-86AE-4BAF-A812-48D7EB1DD88D}"
EndProject
Project("{FAE04EC0-301F-11D3-BF4B-00C04F79EFBC}") = "TestConscensia.Services", "TestConscensia.Services\TestConscensia.Services.csproj", "{39C5A0EC-9B93-47C4-9DAD-D09232B1E9EF}"
EndProject
Project("{2150E333-8FDC-42A3-9474-1A3956D46DE8}") = "Data", "Data", "{1DC866D6-B377-43F8-AD04-762D76580BA6}"
EndProject
Project("{FAE04EC0-301F-11D3-BF4B-00C04F79EFBC}") = "TestConscensia.Data", "TestConscensia.Data\TestConscensia.Data.csproj", "{BE30DBF3-9AFA-43CF-B9B2-ABB538F79347}"
EndProject
Project("{2150E333-8FDC-42A3-9474-1A3956D46DE8}") = "Modules", "Modules", "{C897DEB7-E05F-485B-8656-DF925377CFB6}"
EndProject
Project("{FAE04EC0-301F-11D3-BF4B-00C04F79EFBC}") = "TestConscensiaWebService", "TestConscensiaWebService\TestConscensiaWebService.csproj", "{A00A9557-E24F-46F7-836F-62C9D68C6871}"
EndProject
Project("{2150E333-8FDC-42A3-9474-1A3956D46DE8}") = "Common", "Common", "{05EA54A2-D89E-4158-B77F-F2D75CB04529}"
EndProject
Project("{FAE04EC0-301F-11D3-BF4B-00C04F79EFBC}") = "TestConscensia.Module.Main", "TestConscensia.Module.Main\TestConscensia.Module.Main.csproj", "{C0D24E21-E7D4-4C3B-BE24-7E53BC08F9EA}"
EndProject
Project("{FAE04EC0-301F-11D3-BF4B-00C04F79EFBC}") = "TestConscensia.Common.Navigation", "TestConscensia.Common.Navigation\TestConscensia.Common.Navigation.csproj", "{F2E32114-63C5-461F-AF77-677103661854}"
EndProject
Project("{FAE04EC0-301F-11D3-BF4B-00C04F79EFBC}") = "TestConscensia.Common.UI", "TestConscensia.Common.UI\TestConscensia.Common.UI.csproj", "{3B3A2277-9C95-4310-9BA1-C89D78FFC6E5}"
EndProject
Global
	GlobalSection(SolutionConfigurationPlatforms) = preSolution
		Debug|Any CPU = Debug|Any CPU
		Release|Any CPU = Release|Any CPU
	EndGlobalSection
	GlobalSection(ProjectConfigurationPlatforms) = postSolution
		{10AD3A88-BF2F-4E1B-AEBD-ADFD0418BDC6}.Debug|Any CPU.ActiveCfg = Debug|Any CPU
		{10AD3A88-BF2F-4E1B-AEBD-ADFD0418BDC6}.Debug|Any CPU.Build.0 = Debug|Any CPU
		{10AD3A88-BF2F-4E1B-AEBD-ADFD0418BDC6}.Release|Any CPU.ActiveCfg = Release|Any CPU
		{10AD3A88-BF2F-4E1B-AEBD-ADFD0418BDC6}.Release|Any CPU.Build.0 = Release|Any CPU
		{D37BCAF8-0C55-4373-9A43-A74705970C6B}.Debug|Any CPU.ActiveCfg = Debug|Any CPU
		{D37BCAF8-0C55-4373-9A43-A74705970C6B}.Debug|Any CPU.Build.0 = Debug|Any CPU
		{D37BCAF8-0C55-4373-9A43-A74705970C6B}.Release|Any CPU.ActiveCfg = Release|Any CPU
		{D37BCAF8-0C55-4373-9A43-A74705970C6B}.Release|Any CPU.Build.0 = Release|Any CPU
		{C53105FD-86AE-4BAF-A812-48D7EB1DD88D}.Debug|Any CPU.ActiveCfg = Debug|Any CPU
		{C53105FD-86AE-4BAF-A812-48D7EB1DD88D}.Debug|Any CPU.Build.0 = Debug|Any CPU
		{C53105FD-86AE-4BAF-A812-48D7EB1DD88D}.Release|Any CPU.ActiveCfg = Release|Any CPU
		{C53105FD-86AE-4BAF-A812-48D7EB1DD88D}.Release|Any CPU.Build.0 = Release|Any CPU
		{39C5A0EC-9B93-47C4-9DAD-D09232B1E9EF}.Debug|Any CPU.ActiveCfg = Debug|Any CPU
		{39C5A0EC-9B93-47C4-9DAD-D09232B1E9EF}.Debug|Any CPU.Build.0 = Debug|Any CPU
		{39C5A0EC-9B93-47C4-9DAD-D09232B1E9EF}.Release|Any CPU.ActiveCfg = Release|Any CPU
		{39C5A0EC-9B93-47C4-9DAD-D09232B1E9EF}.Release|Any CPU.Build.0 = Release|Any CPU
		{BE30DBF3-9AFA-43CF-B9B2-ABB538F79347}.Debug|Any CPU.ActiveCfg = Debug|Any CPU
		{BE30DBF3-9AFA-43CF-B9B2-ABB538F79347}.Debug|Any CPU.Build.0 = Debug|Any CPU
		{BE30DBF3-9AFA-43CF-B9B2-ABB538F79347}.Release|Any CPU.ActiveCfg = Release|Any CPU
		{BE30DBF3-9AFA-43CF-B9B2-ABB538F79347}.Release|Any CPU.Build.0 = Release|Any CPU
		{A00A9557-E24F-46F7-836F-62C9D68C6871}.Debug|Any CPU.ActiveCfg = Debug|Any CPU
		{A00A9557-E24F-46F7-836F-62C9D68C6871}.Debug|Any CPU.Build.0 = Debug|Any CPU
		{A00A9557-E24F-46F7-836F-62C9D68C6871}.Release|Any CPU.ActiveCfg = Release|Any CPU
		{A00A9557-E24F-46F7-836F-62C9D68C6871}.Release|Any CPU.Build.0 = Release|Any CPU
		{C0D24E21-E7D4-4C3B-BE24-7E53BC08F9EA}.Debug|Any CPU.ActiveCfg = Debug|Any CPU
		{C0D24E21-E7D4-4C3B-BE24-7E53BC08F9EA}.Debug|Any CPU.Build.0 = Debug|Any CPU
		{C0D24E21-E7D4-4C3B-BE24-7E53BC08F9EA}.Release|Any CPU.ActiveCfg = Release|Any CPU
		{C0D24E21-E7D4-4C3B-BE24-7E53BC08F9EA}.Release|Any CPU.Build.0 = Release|Any CPU
		{F2E32114-63C5-461F-AF77-677103661854}.Debug|Any CPU.ActiveCfg = Debug|Any CPU
		{F2E32114-63C5-461F-AF77-677103661854}.Debug|Any CPU.Build.0 = Debug|Any CPU
		{F2E32114-63C5-461F-AF77-677103661854}.Release|Any CPU.ActiveCfg = Release|Any CPU
		{F2E32114-63C5-461F-AF77-677103661854}.Release|Any CPU.Build.0 = Release|Any CPU
		{3B3A2277-9C95-4310-9BA1-C89D78FFC6E5}.Debug|Any CPU.ActiveCfg = Debug|Any CPU
		{3B3A2277-9C95-4310-9BA1-C89D78FFC6E5}.Debug|Any CPU.Build.0 = Debug|Any CPU
		{3B3A2277-9C95-4310-9BA1-C89D78FFC6E5}.Release|Any CPU.ActiveCfg = Release|Any CPU
		{3B3A2277-9C95-4310-9BA1-C89D78FFC6E5}.Release|Any CPU.Build.0 = Release|Any CPU
	EndGlobalSection
	GlobalSection(SolutionProperties) = preSolution
		HideSolutionNode = FALSE
	EndGlobalSection
	GlobalSection(NestedProjects) = preSolution
		{D37BCAF8-0C55-4373-9A43-A74705970C6B} = {5721B474-5BFD-4E70-A762-0CC889FE87D0}
		{C53105FD-86AE-4BAF-A812-48D7EB1DD88D} = {A8A63ADA-A8F0-48BA-A4CB-0F6BCCB77B01}
		{39C5A0EC-9B93-47C4-9DAD-D09232B1E9EF} = {A8A63ADA-A8F0-48BA-A4CB-0F6BCCB77B01}
		{BE30DBF3-9AFA-43CF-B9B2-ABB538F79347} = {1DC866D6-B377-43F8-AD04-762D76580BA6}
		{C0D24E21-E7D4-4C3B-BE24-7E53BC08F9EA} = {C897DEB7-E05F-485B-8656-DF925377CFB6}
		{F2E32114-63C5-461F-AF77-677103661854} = {05EA54A2-D89E-4158-B77F-F2D75CB04529}
		{3B3A2277-9C95-4310-9BA1-C89D78FFC6E5} = {05EA54A2-D89E-4158-B77F-F2D75CB04529}
	EndGlobalSection
	GlobalSection(ExtensibilityGlobals) = postSolution
		SolutionGuid = {9B0A32D2-4B65-4581-86DF-840AF68500D9}
	EndGlobalSection
EndGlobal
